{
  "object": {
    "pins": [
      {
        "package": "FormData",
        "repositoryURL": "https://github.com/simon2204/FormData.git",
        "state": {
          "branch": null,
          "revision": "e3bfdc0e5ceaeab6ea823a9031d7c3e903a6970d",
          "version": "1.0.0"
        }
      },
      {
        "package": "MoodleAPI",
        "repositoryURL": "https://github.com/simon2204/MoodleAPI.git",
        "state": {
          "branch": "main",
          "revision": "993acf0493dc53473a72849686bb96c760052e7d",
          "version": null
        }
      },
      {
        "package": "swift-argument-parser",
        "repositoryURL": "https://github.com/apple/swift-argument-parser",
        "state": {
          "branch": null,
          "revision": "e1465042f195f374b94f915ba8ca49de24300a0d",
          "version": "1.0.2"
        }
      },
      {
        "package": "SwiftPDF",
        "repositoryURL": "https://github.com/simon2204/swiftpdf.git",
        "state": {
          "branch": null,
          "revision": "c5d3fdbd5b3ec3848d3e5c81850303fa91a93db0",
          "version": "1.0.3"
        }
      },
      {
        "package": "SwiftSoup",
        "repositoryURL": "https://github.com/scinfu/SwiftSoup.git",
        "state": {
          "branch": null,
          "revision": "3fa09f4d79e5172b14cb50e02f1d5f115a2bbaef",
          "version": "2.3.4"
        }
      },
      {
        "package": "Testbench",
        "repositoryURL": "https://github.com/simon2204/Testbench.git",
        "state": {
          "branch": "main",
          "revision": "4b06b08949757480f1b8de188f80a0330c1830d7",
          "version": null
        }
      },
      {
        "package": "ZIPFoundation",
        "repositoryURL": "https://github.com/weichsel/ZIPFoundation.git",
        "state": {
          "branch": null,
          "revision": "7254c74b49cec2cb81520523ba993c671f71b066",
          "version": "0.9.14"
        }
      }
    ]
  },
  "version": 1
}
